
Microsoft Visual Studio Solution File, Format Version 12.00
# Visual Studio Version 16
VisualStudioVersion = 16.0.29009.5
MinimumVisualStudioVersion = 10.0.40219.1
Project("{9A19103F-16F7-4668-BE54-9A1E7A4F7556}") = "PiedraPapelTijera", "PiedraPapelTijera\PiedraPapelTijera.csproj", "{50FB6EFB-4622-48BB-AF72-863D213C105C}"
EndProject
Project("{FAE04EC0-301F-11D3-BF4B-00C04F79EFBC}") = "Recos", "Recos\Recos.csproj", "{87EB88DB-0692-4383-B04E-0C4924A7A9BD}"
EndProject
Global
	GlobalSection(SolutionConfigurationPlatforms) = preSolution
		Debug|Any CPU = Debug|Any CPU
		Release|Any CPU = Release|Any CPU
	EndGlobalSection
	GlobalSection(ProjectConfigurationPlatforms) = postSolution
		{50FB6EFB-4622-48BB-AF72-863D213C105C}.Debug|Any CPU.ActiveCfg = Debug|Any CPU
		{50FB6EFB-4622-48BB-AF72-863D213C105C}.Debug|Any CPU.Build.0 = Debug|Any CPU
		{50FB6EFB-4622-48BB-AF72-863D213C105C}.Release|Any CPU.ActiveCfg = Release|Any CPU
		{50FB6EFB-4622-48BB-AF72-863D213C105C}.Release|Any CPU.Build.0 = Release|Any CPU
		{87EB88DB-0692-4383-B04E-0C4924A7A9BD}.Debug|Any CPU.ActiveCfg = Debug|Any CPU
		{87EB88DB-0692-4383-B04E-0C4924A7A9BD}.Debug|Any CPU.Build.0 = Debug|Any CPU
		{87EB88DB-0692-4383-B04E-0C4924A7A9BD}.Release|Any CPU.ActiveCfg = Release|Any CPU
		{87EB88DB-0692-4383-B04E-0C4924A7A9BD}.Release|Any CPU.Build.0 = Release|Any CPU
	EndGlobalSection
	GlobalSection(SolutionProperties) = preSolution
		HideSolutionNode = FALSE
	EndGlobalSection
	GlobalSection(ExtensibilityGlobals) = postSolution
		SolutionGuid = {C9AB7458-53E5-455F-8E54-CA3A0713A20E}
	EndGlobalSection
EndGlobal
