
Microsoft Visual Studio Solution File, Format Version 12.00
# Visual Studio Version 16
VisualStudioVersion = 16.0.28922.388
MinimumVisualStudioVersion = 10.0.40219.1
Project("{FAE04EC0-301F-11D3-BF4B-00C04F79EFBC}") = "ServicioDelUsuario", "ServicioDelUsuario\ServicioDelUsuario.csproj", "{3BD5CE98-CDF8-4930-B6BE-4F95EEE4143E}"
EndProject
Project("{FAE04EC0-301F-11D3-BF4B-00C04F79EFBC}") = "SalaDeChat", "SalaDeChat\SalaDeChat.csproj", "{29023446-F91C-4C6E-91BD-32EA0B716463}"
EndProject
Project("{FAE04EC0-301F-11D3-BF4B-00C04F79EFBC}") = "Documentos", "Documentos\Documentos.csproj", "{38B51709-2FC4-49F7-8347-D70561465E66}"
EndProject
Global
	GlobalSection(SolutionConfigurationPlatforms) = preSolution
		Debug|Any CPU = Debug|Any CPU
		Release|Any CPU = Release|Any CPU
	EndGlobalSection
	GlobalSection(ProjectConfigurationPlatforms) = postSolution
		{3BD5CE98-CDF8-4930-B6BE-4F95EEE4143E}.Debug|Any CPU.ActiveCfg = Debug|Any CPU
		{3BD5CE98-CDF8-4930-B6BE-4F95EEE4143E}.Debug|Any CPU.Build.0 = Debug|Any CPU
		{3BD5CE98-CDF8-4930-B6BE-4F95EEE4143E}.Release|Any CPU.ActiveCfg = Release|Any CPU
		{3BD5CE98-CDF8-4930-B6BE-4F95EEE4143E}.Release|Any CPU.Build.0 = Release|Any CPU
		{29023446-F91C-4C6E-91BD-32EA0B716463}.Debug|Any CPU.ActiveCfg = Debug|Any CPU
		{29023446-F91C-4C6E-91BD-32EA0B716463}.Debug|Any CPU.Build.0 = Debug|Any CPU
		{29023446-F91C-4C6E-91BD-32EA0B716463}.Release|Any CPU.ActiveCfg = Release|Any CPU
		{29023446-F91C-4C6E-91BD-32EA0B716463}.Release|Any CPU.Build.0 = Release|Any CPU
		{38B51709-2FC4-49F7-8347-D70561465E66}.Debug|Any CPU.ActiveCfg = Debug|Any CPU
		{38B51709-2FC4-49F7-8347-D70561465E66}.Debug|Any CPU.Build.0 = Debug|Any CPU
		{38B51709-2FC4-49F7-8347-D70561465E66}.Release|Any CPU.ActiveCfg = Release|Any CPU
		{38B51709-2FC4-49F7-8347-D70561465E66}.Release|Any CPU.Build.0 = Release|Any CPU
	EndGlobalSection
	GlobalSection(SolutionProperties) = preSolution
		HideSolutionNode = FALSE
	EndGlobalSection
	GlobalSection(ExtensibilityGlobals) = postSolution
		SolutionGuid = {CC57A504-3662-4B3F-A9DD-DFCA8CA9FA3D}
	EndGlobalSection
EndGlobal
